<?xml version="1.0" encoding="utf-8"?>
<Project ToolsVersion="4.0" xmlns="http://schemas.microsoft.com/developer/msbuild/2003">
  <ItemGroup>
    <Filter Include="Source Files">
      <UniqueIdentifier>{4FC737F1-C7A5-4376-A066-2A32D752A2FF}</UniqueIdentifier>
      <Extensions>cpp;cxx;c;def</Extensions>
    </Filter>
    <Filter Include="Header Files">
      <UniqueIdentifier>{93995380-89BD-4b04-88EB-625FBE52EBFB}</UniqueIdentifier>
      <Extensions>h</Extensions>
    </Filter>
    <Filter Include="Form Files">
      <UniqueIdentifier>{99349809-55BA-4b9d-BF79-8FDBB0286EB3}</UniqueIdentifier>
      <Extensions>ui</Extensions>
    </Filter>
    <Filter Include="Resource Files">
      <UniqueIdentifier>{D9D6E242-F8AF-46E4-B9FD-80ECBC20BA3E}</UniqueIdentifier>
      <Extensions>qrc;*</Extensions>
      <ParseFiles>false</ParseFiles>
    </Filter>
    <Filter Include="Generated Files">
      <UniqueIdentifier>{71ED8ED8-ACB9-4CE9-BBE1-E00B30144E11}</UniqueIdentifier>
      <Extensions>moc;h;cpp</Extensions>
      <SourceControlFiles>False</SourceControlFiles>
    </Filter>
    <Filter Include="Generated Files\Debug">
      <UniqueIdentifier>{3e9ce077-c5f8-4594-b578-625e44b58d82}</UniqueIdentifier>
      <Extensions>cpp;moc</Extensions>
      <SourceControlFiles>False</SourceControlFiles>
    </Filter>
    <Filter Include="Generated Files\Release">
      <UniqueIdentifier>{50e7a8b9-65f1-469d-9402-510f7ef14b76}</UniqueIdentifier>
      <Extensions>cpp;moc</Extensions>
      <SourceControlFiles>False</SourceControlFiles>
    </Filter>
  </ItemGroup>
  <ItemGroup>
    <ClCompile Include="main.cpp">
      <Filter>Source Files</Filter>
    </ClCompile>
    <ClCompile Include="h264analysisqt.cpp">
      <Filter>Source Files</Filter>
    </ClCompile>
    <ClCompile Include="GeneratedFiles\Debug\moc_h264analysisqt.cpp">
      <Filter>Generated Files\Debug</Filter>
    </ClCompile>
    <ClCompile Include="GeneratedFiles\Release\moc_h264analysisqt.cpp">
      <Filter>Generated Files\Release</Filter>
    </ClCompile>
    <ClCompile Include="GeneratedFiles\qrc_h264analysisqt.cpp">
      <Filter>Generated Files</Filter>
    </ClCompile>
    <ClCompile Include="H264Analysis\H264Analysis.cpp">
      <Filter>Source Files</Filter>
    </ClCompile>
    <ClCompile Include="H264Analysis\utilities.cpp">
      <Filter>Source Files</Filter>
    </ClCompile>
    <ClCompile Include="h264bitstream\h264_avcc.cpp">
      <Filter>Source Files</Filter>
    </ClCompile>
    <ClCompile Include="h264bitstream\h264_nal.cpp">
      <Filter>Source Files</Filter>
    </ClCompile>
    <ClCompile Include="h264bitstream\h264_sei.cpp">
      <Filter>Source Files</Filter>
    </ClCompile>
    <ClCompile Include="h264bitstream\h264_stream.cpp">
      <Filter>Source Files</Filter>
    </ClCompile>
    <ClCompile Include="h264findtext.cpp">
      <Filter>Source Files</Filter>
    </ClCompile>
    <ClCompile Include="GeneratedFiles\Debug\moc_h264findtext.cpp">
      <Filter>Generated Files\Debug</Filter>
    </ClCompile>
    <ClCompile Include="GeneratedFiles\Release\moc_h264findtext.cpp">
      <Filter>Generated Files\Release</Filter>
    </ClCompile>
    <ClCompile Include="h264menunaluinfo.cpp">
      <Filter>Source Files</Filter>
    </ClCompile>
    <ClCompile Include="GeneratedFiles\Debug\moc_h264menunaluinfo.cpp">
      <Filter>Generated Files\Debug</Filter>
    </ClCompile>
    <ClCompile Include="GeneratedFiles\Release\moc_h264menunaluinfo.cpp">
      <Filter>Generated Files\Release</Filter>
    </ClCompile>
  </ItemGroup>
  <ItemGroup>
    <CustomBuild Include="h264analysisqt.h">
      <Filter>Header Files</Filter>
    </CustomBuild>
    <CustomBuild Include="h264analysisqt.ui">
      <Filter>Form Files</Filter>
    </CustomBuild>
    <CustomBuild Include="h264analysisqt.qrc">
      <Filter>Resource Files</Filter>
    </CustomBuild>
    <CustomBuild Include="h264findtext.h">
      <Filter>Header Files</Filter>
    </CustomBuild>
    <CustomBuild Include="h264findtext.ui">
      <Filter>Form Files</Filter>
    </CustomBuild>
    <CustomBuild Include="h264menunaluinfo.h">
      <Filter>Header Files</Filter>
    </CustomBuild>
    <CustomBuild Include="h264menunaluinfo.ui">
      <Filter>Form Files</Filter>
    </CustomBuild>
  </ItemGroup>
  <ItemGroup>
    <ClInclude Include="GeneratedFiles\ui_h264analysisqt.h">
      <Filter>Generated Files</Filter>
    </ClInclude>
    <ClInclude Include="H264Analysis\H264Analysis.h">
      <Filter>Header Files</Filter>
    </ClInclude>
    <ClInclude Include="H264Analysis\H264PublicDef.h">
      <Filter>Header Files</Filter>
    </ClInclude>
    <ClInclude Include="h264bitstream\h264_avcc.h">
      <Filter>Header Files</Filter>
    </ClInclude>
    <ClInclude Include="h264bitstream\h264_sei.h">
      <Filter>Header Files</Filter>
    </ClInclude>
    <ClInclude Include="h264bitstream\h264_stream.h">
      <Filter>Header Files</Filter>
    </ClInclude>
    <ClInclude Include="h264bitstream\bs.h">
      <Filter>Header Files</Filter>
    </ClInclude>
    <ClInclude Include="GeneratedFiles\ui_menunaluinfo.h">
      <Filter>Header Files</Filter>
    </ClInclude>
    <ClInclude Include="GeneratedFiles\ui_h264findtext.h">
      <Filter>Generated Files</Filter>
    </ClInclude>
    <ClInclude Include="GeneratedFiles\ui_h264menunaluinfo.h">
      <Filter>Generated Files</Filter>
    </ClInclude>
  </ItemGroup>
</Project>